# This file is automatically @generated by Cargo.
# It is not intended for manual editing.
version = 3

[[package]]
name = "math_advanced_ops"
version = "0.1.0"

[[package]]
name = "math_basic_ops"
version = "0.1.0"

[[package]]
name = "math_lib_user"
version = "0.1.0"
dependencies = [
 "math_advanced_ops",
 "math_basic_ops",
]
